
Microsoft Visual Studio Solution File, Format Version 12.00
# Visual Studio Version 16
VisualStudioVersion = 16.0.30011.22
MinimumVisualStudioVersion = 10.0.40219.1
Project("{8BC9CEB8-8B4A-11D0-8D11-00A0C91BC942}") = "lab2_2", "lab2_2\lab2_2.vcxproj", "{741FDF8D-D43A-4993-9D58-CA93914E2D50}"
EndProject
Project("{8BC9CEB8-8B4A-11D0-8D11-00A0C91BC942}") = "lab2_1", "lab2_1\lab2_1.vcxproj", "{8CBC74CC-CA5F-47E1-B71B-85ED3CABD6A6}"
EndProject
Global
	GlobalSection(SolutionConfigurationPlatforms) = preSolution
		Debug|x64 = Debug|x64
		Debug|x86 = Debug|x86
		Release|x64 = Release|x64
		Release|x86 = Release|x86
	EndGlobalSection
	GlobalSection(ProjectConfigurationPlatforms) = postSolution
		{741FDF8D-D43A-4993-9D58-CA93914E2D50}.Debug|x64.ActiveCfg = Debug|x64
		{741FDF8D-D43A-4993-9D58-CA93914E2D50}.Debug|x64.Build.0 = Debug|x64
		{741FDF8D-D43A-4993-9D58-CA93914E2D50}.Debug|x86.ActiveCfg = Debug|Win32
		{741FDF8D-D43A-4993-9D58-CA93914E2D50}.Debug|x86.Build.0 = Debug|Win32
		{741FDF8D-D43A-4993-9D58-CA93914E2D50}.Release|x64.ActiveCfg = Release|x64
		{741FDF8D-D43A-4993-9D58-CA93914E2D50}.Release|x64.Build.0 = Release|x64
		{741FDF8D-D43A-4993-9D58-CA93914E2D50}.Release|x86.ActiveCfg = Release|Win32
		{741FDF8D-D43A-4993-9D58-CA93914E2D50}.Release|x86.Build.0 = Release|Win32
		{8CBC74CC-CA5F-47E1-B71B-85ED3CABD6A6}.Debug|x64.ActiveCfg = Debug|x64
		{8CBC74CC-CA5F-47E1-B71B-85ED3CABD6A6}.Debug|x64.Build.0 = Debug|x64
		{8CBC74CC-CA5F-47E1-B71B-85ED3CABD6A6}.Debug|x86.ActiveCfg = Debug|Win32
		{8CBC74CC-CA5F-47E1-B71B-85ED3CABD6A6}.Debug|x86.Build.0 = Debug|Win32
		{8CBC74CC-CA5F-47E1-B71B-85ED3CABD6A6}.Release|x64.ActiveCfg = Release|x64
		{8CBC74CC-CA5F-47E1-B71B-85ED3CABD6A6}.Release|x64.Build.0 = Release|x64
		{8CBC74CC-CA5F-47E1-B71B-85ED3CABD6A6}.Release|x86.ActiveCfg = Release|Win32
		{8CBC74CC-CA5F-47E1-B71B-85ED3CABD6A6}.Release|x86.Build.0 = Release|Win32
	EndGlobalSection
	GlobalSection(SolutionProperties) = preSolution
		HideSolutionNode = FALSE
	EndGlobalSection
	GlobalSection(ExtensibilityGlobals) = postSolution
		SolutionGuid = {CCC12ECD-C453-4044-BAD2-BF3601B3DE7A}
	EndGlobalSection
EndGlobal
